github.com/shebang-go/colorlib v0.0.0-20201011131346-3c0ec9439a09 h1:rzbdowQs61j1Y6pFX4Dlw1fkiTkBZkjHQXQZpncQdDE=
github.com/shebang-go/colorlib v0.0.0-20201011183433-562f472c2d83 h1:0SA/47EMJm93So8C268X4iUAY0WOCLAKe/vM7NJl3Pk=
github.com/shebang-go/colorlib v0.2.0 h1:92OIIMwEjVz8Df2eysSHTiqCDoaH9Ogrt962GtPQ5k4=
github.com/shebang-go/colorlib/base16 v0.1.5 h1:aLks7RxSgiSn7EZOELnjfg6QjPYTfeoIKtAvoGCbBcU=
github.com/shebang-go/colorlib/base16 v0.1.5/go.mod h1:9R+INTfOpQSumzegi1ljV+lYVuEkwfix9i8deU3NUCA=
github.com/shebang-go/colorlib/base16 v0.1.6 h1:C+1LjSMd3DRgT+Zcjo3VhZBuYlDU8szoPhsAmsGF71g=
github.com/shebang-go/colorlib/base16 v0.1.6/go.mod h1:9R+INTfOpQSumzegi1ljV+lYVuEkwfix9i8deU3NUCA=
github.com/shebang-go/colorlib/base16 v0.2.2 h1:WWpnoGgP5c/AF+as+DYD/FkVsKNp6DTe55OIsDNyKBM=
github.com/shebang-go/colorlib/base16 v0.2.2/go.mod h1:9R+INTfOpQSumzegi1ljV+lYVuEkwfix9i8deU3NUCA=
